
Microsoft Visual Studio Solution File, Format Version 12.00
# Visual Studio 2012
Project("{FAE04EC0-301F-11D3-BF4B-00C04F79EFBC}") = "WordOfTheDay", "WordOfTheDay\WordOfTheDay.csproj", "{36FD4580-E797-4DAB-8B8A-13FC760B6111}"
EndProject
Project("{FAE04EC0-301F-11D3-BF4B-00C04F79EFBC}") = "WordOfTheDay.Window", "WordOfTheDay.Window\WordOfTheDay.Window.csproj", "{BC295E26-4B0F-449A-8344-B3865D895501}"
EndProject
Global
	GlobalSection(SolutionConfigurationPlatforms) = preSolution
		Debug|Any CPU = Debug|Any CPU
		Release|Any CPU = Release|Any CPU
	EndGlobalSection
	GlobalSection(ProjectConfigurationPlatforms) = postSolution
		{36FD4580-E797-4DAB-8B8A-13FC760B6111}.Debug|Any CPU.ActiveCfg = Debug|Any CPU
		{36FD4580-E797-4DAB-8B8A-13FC760B6111}.Debug|Any CPU.Build.0 = Debug|Any CPU
		{36FD4580-E797-4DAB-8B8A-13FC760B6111}.Release|Any CPU.ActiveCfg = Release|Any CPU
		{36FD4580-E797-4DAB-8B8A-13FC760B6111}.Release|Any CPU.Build.0 = Release|Any CPU
		{BC295E26-4B0F-449A-8344-B3865D895501}.Debug|Any CPU.ActiveCfg = Debug|Any CPU
		{BC295E26-4B0F-449A-8344-B3865D895501}.Debug|Any CPU.Build.0 = Debug|Any CPU
		{BC295E26-4B0F-449A-8344-B3865D895501}.Release|Any CPU.ActiveCfg = Release|Any CPU
		{BC295E26-4B0F-449A-8344-B3865D895501}.Release|Any CPU.Build.0 = Release|Any CPU
	EndGlobalSection
	GlobalSection(SolutionProperties) = preSolution
		HideSolutionNode = FALSE
	EndGlobalSection
EndGlobal
